
Microsoft Visual Studio Solution File, Format Version 12.00
# Visual Studio Version 16
VisualStudioVersion = 16.0.29926.136
MinimumVisualStudioVersion = 10.0.40219.1
Project("{FAE04EC0-301F-11D3-BF4B-00C04F79EFBC}") = "Introduccion C Sharp", "Practica1\Introduccion C Sharp.csproj", "{EAE0F5BC-DE63-47E1-BB8A-C65FD51D8A15}"
EndProject
Global
	GlobalSection(SolutionConfigurationPlatforms) = preSolution
		Debug|Any CPU = Debug|Any CPU
		Release|Any CPU = Release|Any CPU
	EndGlobalSection
	GlobalSection(ProjectConfigurationPlatforms) = postSolution
		{EAE0F5BC-DE63-47E1-BB8A-C65FD51D8A15}.Debug|Any CPU.ActiveCfg = Debug|Any CPU
		{EAE0F5BC-DE63-47E1-BB8A-C65FD51D8A15}.Debug|Any CPU.Build.0 = Debug|Any CPU
		{EAE0F5BC-DE63-47E1-BB8A-C65FD51D8A15}.Release|Any CPU.ActiveCfg = Release|Any CPU
		{EAE0F5BC-DE63-47E1-BB8A-C65FD51D8A15}.Release|Any CPU.Build.0 = Release|Any CPU
	EndGlobalSection
	GlobalSection(SolutionProperties) = preSolution
		HideSolutionNode = FALSE
	EndGlobalSection
	GlobalSection(ExtensibilityGlobals) = postSolution
		SolutionGuid = {4DEA7152-14C1-464C-B404-C8AE5C4B118E}
	EndGlobalSection
EndGlobal
